// !$*UTF8*$!
{
	archiveVersion = 1;
	classes = {
	};
	objectVersion = 48;
	objects = {

/* Begin PBXBuildFile section */
		D82D50E61F55B5D000CE0029 /* main.cpp in Sources */ = {isa = PBXBuildFile; fileRef = D82D50D11F55B1B000CE0029 /* main.cpp */; };
		D82D50E71F55B5D600CE0029 /* libF1TelemetryTarget.a in Frameworks */ = {isa = PBXBuildFile; fileRef = D82D50CA1F55B04000CE0029 /* libF1TelemetryTarget.a */; };
		D86AB3FC1F55CF050052A8DE /* UDPPacket.cpp in Sources */ = {isa = PBXBuildFile; fileRef = D86AB3FA1F55CF050052A8DE /* UDPPacket.cpp */; };
		D86AB3FD1F55CF050052A8DE /* UDPPacket.hpp in Headers */ = {isa = PBXBuildFile; fileRef = D86AB3FB1F55CF050052A8DE /* UDPPacket.hpp */; };
		D87112671F55C230006B7D13 /* test.cpp in Sources */ = {isa = PBXBuildFile; fileRef = D87112651F55C230006B7D13 /* test.cpp */; };
		D87112681F55C230006B7D13 /* test.hpp in Headers */ = {isa = PBXBuildFile; fileRef = D87112661F55C230006B7D13 /* test.hpp */; settings = {ATTRIBUTES = (Public, ); }; };
/* End PBXBuildFile section */

/* Begin PBXContainerItemProxy section */
		D82D50F01F55BE7700CE0029 /* PBXContainerItemProxy */ = {
			isa = PBXContainerItemProxy;
			containerPortal = D82D50C21F55B04000CE0029 /* Project object */;
			proxyType = 1;
			remoteGlobalIDString = D82D50C91F55B04000CE0029;
			remoteInfo = F1UDPDataServer;
		};
/* End PBXContainerItemProxy section */

/* Begin PBXCopyFilesBuildPhase section */
		D82D50D91F55B39000CE0029 /* CopyFiles */ = {
			isa = PBXCopyFilesBuildPhase;
			buildActionMask = 2147483647;
			dstPath = /usr/share/man/man1/;
			dstSubfolderSpec = 0;
			files = (
			);
			runOnlyForDeploymentPostprocessing = 1;
		};
/* End PBXCopyFilesBuildPhase section */

/* Begin PBXFileReference section */
		D82D50CA1F55B04000CE0029 /* libF1TelemetryTarget.a */ = {isa = PBXFileReference; explicitFileType = archive.ar; includeInIndex = 0; path = libF1TelemetryTarget.a; sourceTree = BUILT_PRODUCTS_DIR; };
		D82D50D11F55B1B000CE0029 /* main.cpp */ = {isa = PBXFileReference; lastKnownFileType = sourcecode.cpp.cpp; path = main.cpp; sourceTree = "<group>"; };
		D82D50DB1F55B39000CE0029 /* F1TelemetryTargetTests */ = {isa = PBXFileReference; explicitFileType = "compiled.mach-o.executable"; includeInIndex = 0; path = F1TelemetryTargetTests; sourceTree = BUILT_PRODUCTS_DIR; };
		D82D50EC1F55BC3F00CE0029 /* catch.hpp */ = {isa = PBXFileReference; lastKnownFileType = sourcecode.cpp.h; path = catch.hpp; sourceTree = "<group>"; };
		D86AB3FA1F55CF050052A8DE /* UDPPacket.cpp */ = {isa = PBXFileReference; lastKnownFileType = sourcecode.cpp.cpp; path = UDPPacket.cpp; sourceTree = "<group>"; };
		D86AB3FB1F55CF050052A8DE /* UDPPacket.hpp */ = {isa = PBXFileReference; lastKnownFileType = sourcecode.cpp.h; path = UDPPacket.hpp; sourceTree = "<group>"; };
		D87112651F55C230006B7D13 /* test.cpp */ = {isa = PBXFileReference; lastKnownFileType = sourcecode.cpp.cpp; path = test.cpp; sourceTree = "<group>"; };
		D87112661F55C230006B7D13 /* test.hpp */ = {isa = PBXFileReference; lastKnownFileType = sourcecode.cpp.h; path = test.hpp; sourceTree = "<group>"; };
/* End PBXFileReference section */

/* Begin PBXFrameworksBuildPhase section */
		D82D50C71F55B04000CE0029 /* Frameworks */ = {
			isa = PBXFrameworksBuildPhase;
			buildActionMask = 2147483647;
			files = (
			);
			runOnlyForDeploymentPostprocessing = 0;
		};
		D82D50D81F55B39000CE0029 /* Frameworks */ = {
			isa = PBXFrameworksBuildPhase;
			buildActionMask = 2147483647;
			files = (
				D82D50E71F55B5D600CE0029 /* libF1TelemetryTarget.a in Frameworks */,
			);
			runOnlyForDeploymentPostprocessing = 0;
		};
/* End PBXFrameworksBuildPhase section */

/* Begin PBXGroup section */
		D82D50C11F55B04000CE0029 = {
			isa = PBXGroup;
			children = (
				D82D50D51F55B1F700CE0029 /* F1TelemetryTarget */,
				D82D50D61F55B32B00CE0029 /* F1TelemetryTargetTests */,
				D82D50CB1F55B04000CE0029 /* Products */,
			);
			sourceTree = "<group>";
		};
		D82D50CB1F55B04000CE0029 /* Products */ = {
			isa = PBXGroup;
			children = (
				D82D50CA1F55B04000CE0029 /* libF1TelemetryTarget.a */,
				D82D50DB1F55B39000CE0029 /* F1TelemetryTargetTests */,
			);
			name = Products;
			sourceTree = "<group>";
		};
		D82D50D51F55B1F700CE0029 /* F1TelemetryTarget */ = {
			isa = PBXGroup;
			children = (
				D87112651F55C230006B7D13 /* test.cpp */,
				D87112661F55C230006B7D13 /* test.hpp */,
				D86AB3FA1F55CF050052A8DE /* UDPPacket.cpp */,
				D86AB3FB1F55CF050052A8DE /* UDPPacket.hpp */,
			);
			path = F1TelemetryTarget;
			sourceTree = "<group>";
		};
		D82D50D61F55B32B00CE0029 /* F1TelemetryTargetTests */ = {
			isa = PBXGroup;
			children = (
				D82D50ED1F55BC4800CE0029 /* libs */,
				D82D50D11F55B1B000CE0029 /* main.cpp */,
			);
			path = F1TelemetryTargetTests;
			sourceTree = "<group>";
		};
		D82D50ED1F55BC4800CE0029 /* libs */ = {
			isa = PBXGroup;
			children = (
				D82D50EC1F55BC3F00CE0029 /* catch.hpp */,
			);
			path = libs;
			sourceTree = "<group>";
		};
/* End PBXGroup section */

/* Begin PBXHeadersBuildPhase section */
		D82D50C81F55B04000CE0029 /* Headers */ = {
			isa = PBXHeadersBuildPhase;
			buildActionMask = 2147483647;
			files = (
				D86AB3FD1F55CF050052A8DE /* UDPPacket.hpp in Headers */,
				D87112681F55C230006B7D13 /* test.hpp in Headers */,
			);
			runOnlyForDeploymentPostprocessing = 0;
		};
/* End PBXHeadersBuildPhase section */

/* Begin PBXNativeTarget section */
		D82D50C91F55B04000CE0029 /* F1TelemetryTarget */ = {
			isa = PBXNativeTarget;
			buildConfigurationList = D82D50CE1F55B04000CE0029 /* Build configuration list for PBXNativeTarget "F1TelemetryTarget" */;
			buildPhases = (
				D82D50C61F55B04000CE0029 /* Sources */,
				D82D50C71F55B04000CE0029 /* Frameworks */,
				D82D50C81F55B04000CE0029 /* Headers */,
			);
			buildRules = (
			);
			dependencies = (
			);
			name = F1TelemetryTarget;
			productName = F1UDPDataServer;
			productReference = D82D50CA1F55B04000CE0029 /* libF1TelemetryTarget.a */;
			productType = "com.apple.product-type.library.static";
		};
		D82D50DA1F55B39000CE0029 /* F1TelemetryTargetTests */ = {
			isa = PBXNativeTarget;
			buildConfigurationList = D82D50DF1F55B39000CE0029 /* Build configuration list for PBXNativeTarget "F1TelemetryTargetTests" */;
			buildPhases = (
				D82D50D71F55B39000CE0029 /* Sources */,
				D82D50D81F55B39000CE0029 /* Frameworks */,
				D82D50D91F55B39000CE0029 /* CopyFiles */,
			);
			buildRules = (
			);
			dependencies = (
				D82D50F11F55BE7700CE0029 /* PBXTargetDependency */,
			);
			name = F1TelemetryTargetTests;
			productName = F1UDPDataServerTests;
			productReference = D82D50DB1F55B39000CE0029 /* F1TelemetryTargetTests */;
			productType = "com.apple.product-type.tool";
		};
/* End PBXNativeTarget section */

/* Begin PBXProject section */
		D82D50C21F55B04000CE0029 /* Project object */ = {
			isa = PBXProject;
			attributes = {
				LastUpgradeCheck = 0900;
				ORGANIZATIONNAME = "Connor Wyatt";
				TargetAttributes = {
					D82D50C91F55B04000CE0029 = {
						CreatedOnToolsVersion = 9.0;
					};
					D82D50DA1F55B39000CE0029 = {
						CreatedOnToolsVersion = 9.0;
					};
				};
			};
			buildConfigurationList = D82D50C51F55B04000CE0029 /* Build configuration list for PBXProject "F1TelemetryTarget" */;
			compatibilityVersion = "Xcode 8.0";
			developmentRegion = en;
			hasScannedForEncodings = 0;
			knownRegions = (
				en,
			);
			mainGroup = D82D50C11F55B04000CE0029;
			productRefGroup = D82D50CB1F55B04000CE0029 /* Products */;
			projectDirPath = "";
			projectRoot = "";
			targets = (
				D82D50C91F55B04000CE0029 /* F1TelemetryTarget */,
				D82D50DA1F55B39000CE0029 /* F1TelemetryTargetTests */,
			);
		};
/* End PBXProject section */

/* Begin PBXSourcesBuildPhase section */
		D82D50C61F55B04000CE0029 /* Sources */ = {
			isa = PBXSourcesBuildPhase;
			buildActionMask = 2147483647;
			files = (
				D87112671F55C230006B7D13 /* test.cpp in Sources */,
				D86AB3FC1F55CF050052A8DE /* UDPPacket.cpp in Sources */,
			);
			runOnlyForDeploymentPostprocessing = 0;
		};
		D82D50D71F55B39000CE0029 /* Sources */ = {
			isa = PBXSourcesBuildPhase;
			buildActionMask = 2147483647;
			files = (
				D82D50E61F55B5D000CE0029 /* main.cpp in Sources */,
			);
			runOnlyForDeploymentPostprocessing = 0;
		};
/* End PBXSourcesBuildPhase section */

/* Begin PBXTargetDependency section */
		D82D50F11F55BE7700CE0029 /* PBXTargetDependency */ = {
			isa = PBXTargetDependency;
			target = D82D50C91F55B04000CE0029 /* F1TelemetryTarget */;
			targetProxy = D82D50F01F55BE7700CE0029 /* PBXContainerItemProxy */;
		};
/* End PBXTargetDependency section */

/* Begin XCBuildConfiguration section */
		D82D50CC1F55B04000CE0029 /* Debug */ = {
			isa = XCBuildConfiguration;
			buildSettings = {
				ALWAYS_SEARCH_USER_PATHS = NO;
				CLANG_ANALYZER_NONNULL = YES;
				CLANG_ANALYZER_NUMBER_OBJECT_CONVERSION = YES_AGGRESSIVE;
				CLANG_CXX_LANGUAGE_STANDARD = "gnu++14";
				CLANG_CXX_LIBRARY = "libc++";
				CLANG_ENABLE_MODULES = YES;
				CLANG_ENABLE_OBJC_ARC = YES;
				CLANG_WARN_BLOCK_CAPTURE_AUTORELEASING = YES;
				CLANG_WARN_BOOL_CONVERSION = YES;
				CLANG_WARN_COMMA = YES;
				CLANG_WARN_CONSTANT_CONVERSION = YES;
				CLANG_WARN_DIRECT_OBJC_ISA_USAGE = YES_ERROR;
				CLANG_WARN_DOCUMENTATION_COMMENTS = YES;
				CLANG_WARN_EMPTY_BODY = YES;
				CLANG_WARN_ENUM_CONVERSION = YES;
				CLANG_WARN_INFINITE_RECURSION = YES;
				CLANG_WARN_INT_CONVERSION = YES;
				CLANG_WARN_NON_LITERAL_NULL_CONVERSION = YES;
				CLANG_WARN_OBJC_LITERAL_CONVERSION = YES;
				CLANG_WARN_OBJC_ROOT_CLASS = YES_ERROR;
				CLANG_WARN_RANGE_LOOP_ANALYSIS = YES;
				CLANG_WARN_STRICT_PROTOTYPES = YES;
				CLANG_WARN_SUSPICIOUS_MOVE = YES;
				CLANG_WARN_UNGUARDED_AVAILABILITY = YES_AGGRESSIVE;
				CLANG_WARN_UNREACHABLE_CODE = YES;
				CLANG_WARN__DUPLICATE_METHOD_MATCH = YES;
				CODE_SIGN_IDENTITY = "-";
				COPY_PHASE_STRIP = NO;
				DEBUG_INFORMATION_FORMAT = dwarf;
				ENABLE_STRICT_OBJC_MSGSEND = YES;
				ENABLE_TESTABILITY = YES;
				GCC_C_LANGUAGE_STANDARD = gnu11;
				GCC_DYNAMIC_NO_PIC = NO;
				GCC_NO_COMMON_BLOCKS = YES;
				GCC_OPTIMIZATION_LEVEL = 0;
				GCC_PREPROCESSOR_DEFINITIONS = (
					"DEBUG=1",
					"$(inherited)",
				);
				GCC_WARN_64_TO_32_BIT_CONVERSION = YES;
				GCC_WARN_ABOUT_RETURN_TYPE = YES_ERROR;
				GCC_WARN_UNDECLARED_SELECTOR = YES;
				GCC_WARN_UNINITIALIZED_AUTOS = YES_AGGRESSIVE;
				GCC_WARN_UNUSED_FUNCTION = YES;
				GCC_WARN_UNUSED_VARIABLE = YES;
				MACOSX_DEPLOYMENT_TARGET = 10.12;
				MTL_ENABLE_DEBUG_INFO = YES;
				ONLY_ACTIVE_ARCH = YES;
				SDKROOT = macosx;
			};
			name = Debug;
		};
		D82D50CD1F55B04000CE0029 /* Release */ = {
			isa = XCBuildConfiguration;
			buildSettings = {
				ALWAYS_SEARCH_USER_PATHS = NO;
				CLANG_ANALYZER_NONNULL = YES;
				CLANG_ANALYZER_NUMBER_OBJECT_CONVERSION = YES_AGGRESSIVE;
				CLANG_CXX_LANGUAGE_STANDARD = "gnu++14";
				CLANG_CXX_LIBRARY = "libc++";
				CLANG_ENABLE_MODULES = YES;
				CLANG_ENABLE_OBJC_ARC = YES;
				CLANG_WARN_BLOCK_CAPTURE_AUTORELEASING = YES;
				CLANG_WARN_BOOL_CONVERSION = YES;
				CLANG_WARN_COMMA = YES;
				CLANG_WARN_CONSTANT_CONVERSION = YES;
				CLANG_WARN_DIRECT_OBJC_ISA_USAGE = YES_ERROR;
				CLANG_WARN_DOCUMENTATION_COMMENTS = YES;
				CLANG_WARN_EMPTY_BODY = YES;
				CLANG_WARN_ENUM_CONVERSION = YES;
				CLANG_WARN_INFINITE_RECURSION = YES;
				CLANG_WARN_INT_CONVERSION = YES;
				CLANG_WARN_NON_LITERAL_NULL_CONVERSION = YES;
				CLANG_WARN_OBJC_LITERAL_CONVERSION = YES;
				CLANG_WARN_OBJC_ROOT_CLASS = YES_ERROR;
				CLANG_WARN_RANGE_LOOP_ANALYSIS = YES;
				CLANG_WARN_STRICT_PROTOTYPES = YES;
				CLANG_WARN_SUSPICIOUS_MOVE = YES;
				CLANG_WARN_UNGUARDED_AVAILABILITY = YES_AGGRESSIVE;
				CLANG_WARN_UNREACHABLE_CODE = YES;
				CLANG_WARN__DUPLICATE_METHOD_MATCH = YES;
				CODE_SIGN_IDENTITY = "-";
				COPY_PHASE_STRIP = NO;
				DEBUG_INFORMATION_FORMAT = "dwarf-with-dsym";
				ENABLE_NS_ASSERTIONS = NO;
				ENABLE_STRICT_OBJC_MSGSEND = YES;
				GCC_C_LANGUAGE_STANDARD = gnu11;
				GCC_NO_COMMON_BLOCKS = YES;
				GCC_WARN_64_TO_32_BIT_CONVERSION = YES;
				GCC_WARN_ABOUT_RETURN_TYPE = YES_ERROR;
				GCC_WARN_UNDECLARED_SELECTOR = YES;
				GCC_WARN_UNINITIALIZED_AUTOS = YES_AGGRESSIVE;
				GCC_WARN_UNUSED_FUNCTION = YES;
				GCC_WARN_UNUSED_VARIABLE = YES;
				MACOSX_DEPLOYMENT_TARGET = 10.12;
				MTL_ENABLE_DEBUG_INFO = NO;
				SDKROOT = macosx;
			};
			name = Release;
		};
		D82D50CF1F55B04000CE0029 /* Debug */ = {
			isa = XCBuildConfiguration;
			buildSettings = {
				EXECUTABLE_PREFIX = lib;
				PRODUCT_NAME = "$(TARGET_NAME)";
				PUBLIC_HEADERS_FOLDER_PATH = "$(PRODUCT_NAME:c99extidentifier)";
			};
			name = Debug;
		};
		D82D50D01F55B04000CE0029 /* Release */ = {
			isa = XCBuildConfiguration;
			buildSettings = {
				EXECUTABLE_PREFIX = lib;
				PRODUCT_NAME = "$(TARGET_NAME)";
				PUBLIC_HEADERS_FOLDER_PATH = "$(PRODUCT_NAME:c99extidentifier)";
			};
			name = Release;
		};
		D82D50E01F55B39000CE0029 /* Debug */ = {
			isa = XCBuildConfiguration;
			buildSettings = {
				PRODUCT_NAME = "$(TARGET_NAME)";
			};
			name = Debug;
		};
		D82D50E11F55B39000CE0029 /* Release */ = {
			isa = XCBuildConfiguration;
			buildSettings = {
				PRODUCT_NAME = "$(TARGET_NAME)";
			};
			name = Release;
		};
/* End XCBuildConfiguration section */

/* Begin XCConfigurationList section */
		D82D50C51F55B04000CE0029 /* Build configuration list for PBXProject "F1TelemetryTarget" */ = {
			isa = XCConfigurationList;
			buildConfigurations = (
				D82D50CC1F55B04000CE0029 /* Debug */,
				D82D50CD1F55B04000CE0029 /* Release */,
			);
			defaultConfigurationIsVisible = 0;
			defaultConfigurationName = Release;
		};
		D82D50CE1F55B04000CE0029 /* Build configuration list for PBXNativeTarget "F1TelemetryTarget" */ = {
			isa = XCConfigurationList;
			buildConfigurations = (
				D82D50CF1F55B04000CE0029 /* Debug */,
				D82D50D01F55B04000CE0029 /* Release */,
			);
			defaultConfigurationIsVisible = 0;
			defaultConfigurationName = Release;
		};
		D82D50DF1F55B39000CE0029 /* Build configuration list for PBXNativeTarget "F1TelemetryTargetTests" */ = {
			isa = XCConfigurationList;
			buildConfigurations = (
				D82D50E01F55B39000CE0029 /* Debug */,
				D82D50E11F55B39000CE0029 /* Release */,
			);
			defaultConfigurationIsVisible = 0;
			defaultConfigurationName = Release;
		};
/* End XCConfigurationList section */
	};
	rootObject = D82D50C21F55B04000CE0029 /* Project object */;
}
